{
  "name": "myvue",
  "version": "1.0.0",
  "lockfileVersion": 1,
  "requires": true,
  "dependencies": {
    "vue": {
      "version": "2.5.6",
      "resolved": "https://registry.npmmirror.com/vue/-/vue-2.5.6.tgz",
      "integrity": "sha512-EnTiSZKkaQmsbpgsWN01VrGYisBXvjU1iqoK2xpUOLdri8vxQyYi5CjRtT33K3JI49WaiG8XnsIGEhNnROj2fQ=="
    }
  }
}
